
Microsoft Visual Studio Solution File, Format Version 12.00
# Visual Studio Version 17
VisualStudioVersion = 17.6.33723.286
MinimumVisualStudioVersion = 10.0.40219.1
Project("{FAE04EC0-301F-11D3-BF4B-00C04F79EFBC}") = "MVCAPP1", "MVCAPP1\MVCAPP1.csproj", "{AEF04159-B784-4952-9414-822807B4C307}"
EndProject
Global
	GlobalSection(SolutionConfigurationPlatforms) = preSolution
		Debug|Any CPU = Debug|Any CPU
		Release|Any CPU = Release|Any CPU
	EndGlobalSection
	GlobalSection(ProjectConfigurationPlatforms) = postSolution
		{AEF04159-B784-4952-9414-822807B4C307}.Debug|Any CPU.ActiveCfg = Debug|Any CPU
		{AEF04159-B784-4952-9414-822807B4C307}.Debug|Any CPU.Build.0 = Debug|Any CPU
		{AEF04159-B784-4952-9414-822807B4C307}.Release|Any CPU.ActiveCfg = Release|Any CPU
		{AEF04159-B784-4952-9414-822807B4C307}.Release|Any CPU.Build.0 = Release|Any CPU
	EndGlobalSection
	GlobalSection(SolutionProperties) = preSolution
		HideSolutionNode = FALSE
	EndGlobalSection
	GlobalSection(ExtensibilityGlobals) = postSolution
		SolutionGuid = {7DA91E44-EF88-4685-890F-1F7F857C84B0}
	EndGlobalSection
EndGlobal
